<Solution>
  <Folder Name="/Backend/" />
  <Folder Name="/Frontend/">
    <Project Path="Portfolio/Portfolio.Client/Portfolio.Client.csproj" />
    <Project Path="Portfolio/Portfolio/Portfolio.csproj" />
  </Folder>
  <Folder Name="/Libs/">
    <Project Path="DevToolz.Components.Blazor/DevToolz.Component/DevToolz.Component.csproj" />
    <Project Path="DevToolz.Library.net/DevToolz.Library/DevToolz.Library.csproj" />
  </Folder>
</Solution>
